
Microsoft Visual Studio Solution File, Format Version 12.00
# Visual Studio 15
VisualStudioVersion = 15.0.28307.168
MinimumVisualStudioVersion = 10.0.40219.1
Project("{FAE04EC0-301F-11D3-BF4B-00C04F79EFBC}") = "MegaDesk-3-JeremyCherriman", "MegDesk-3-JeremyCherriman\MegaDesk-3-JeremyCherriman.csproj", "{0AE84AE1-939C-43BA-8BA2-02233F54A4A4}"
EndProject
Global
	GlobalSection(SolutionConfigurationPlatforms) = preSolution
		Debug|Any CPU = Debug|Any CPU
		Release|Any CPU = Release|Any CPU
	EndGlobalSection
	GlobalSection(ProjectConfigurationPlatforms) = postSolution
		{0AE84AE1-939C-43BA-8BA2-02233F54A4A4}.Debug|Any CPU.ActiveCfg = Debug|Any CPU
		{0AE84AE1-939C-43BA-8BA2-02233F54A4A4}.Debug|Any CPU.Build.0 = Debug|Any CPU
		{0AE84AE1-939C-43BA-8BA2-02233F54A4A4}.Release|Any CPU.ActiveCfg = Release|Any CPU
		{0AE84AE1-939C-43BA-8BA2-02233F54A4A4}.Release|Any CPU.Build.0 = Release|Any CPU
	EndGlobalSection
	GlobalSection(SolutionProperties) = preSolution
		HideSolutionNode = FALSE
	EndGlobalSection
	GlobalSection(ExtensibilityGlobals) = postSolution
		SolutionGuid = {16720775-7D43-4A81-9FC5-5701FFE230B7}
	EndGlobalSection
EndGlobal
